
Microsoft Visual Studio Solution File, Format Version 12.00
# Visual Studio Version 17
VisualStudioVersion = 17.1.32407.343
MinimumVisualStudioVersion = 10.0.40219.1
Project("{8BC9CEB8-8B4A-11D0-8D11-00A0C91BC942}") = "Single Responsibility - Journal", "Design Patterns\Design Patterns.vcxproj", "{1C6707D9-9C7A-47A4-9D9F-FCB32926F7D4}"
EndProject
Project("{8BC9CEB8-8B4A-11D0-8D11-00A0C91BC942}") = "Open-Close Responsibility - Product Filter", "Open-Close Responsibility\Open-Close Responsibility.vcxproj", "{FA13E176-672E-44BF-8D75-2F12E6B31A7B}"
EndProject
Project("{8BC9CEB8-8B4A-11D0-8D11-00A0C91BC942}") = "Liskov Substitution Principle", "Liskov Substitution Principle\Liskov Substitution Principle.vcxproj", "{AFCECF95-0F85-419F-9A3F-FCA0D03A8278}"
EndProject
Project("{8BC9CEB8-8B4A-11D0-8D11-00A0C91BC942}") = "Interface Segregation Principle - Printer-Scanner-Fax API", "Interface Segregation Principle\Interface Segregation Principle.vcxproj", "{86CF4A22-7C97-4A94-A297-C0EC443410A4}"
EndProject
Project("{8BC9CEB8-8B4A-11D0-8D11-00A0C91BC942}") = "Dependency Inversion Principle", "Dependency Inversion Principle\Dependency Inversion Principle.vcxproj", "{6299F9DC-E33F-4036-BC98-EC26081B1D90}"
EndProject
Project("{8BC9CEB8-8B4A-11D0-8D11-00A0C91BC942}") = "Builder Pattern", "Builder Pattern\Builder Pattern.vcxproj", "{7D3CB75F-746F-4763-BCA2-648894FBB8FA}"
EndProject
Project("{8BC9CEB8-8B4A-11D0-8D11-00A0C91BC942}") = "Groovy Style Builder", "Groovy Style Builder\Groovy Style Builder.vcxproj", "{286BBA36-A803-4334-9317-8907D0CFB40B}"
EndProject
Project("{8BC9CEB8-8B4A-11D0-8D11-00A0C91BC942}") = "Builder Facets", "Builder Facets\Builder Facets.vcxproj", "{BB05E014-D651-46B7-9561-A3A9A22A4654}"
EndProject
Project("{8BC9CEB8-8B4A-11D0-8D11-00A0C91BC942}") = "Builder Exercise", "Builder Exercise\Builder Exercise.vcxproj", "{CCAC411C-346F-43F9-8638-833DC6CECAEF}"
EndProject
Project("{8BC9CEB8-8B4A-11D0-8D11-00A0C91BC942}") = "Factory Method", "Factory\Factory.vcxproj", "{64DF6AD1-3BEB-46BC-B94A-0EE4DB50A8E1}"
EndProject
Project("{8BC9CEB8-8B4A-11D0-8D11-00A0C91BC942}") = "Factory Class - Concrete", "Factory Class\Factory Class.vcxproj", "{3772C0B5-38AD-408F-AE25-6DC0520324B2}"
EndProject
Project("{8BC9CEB8-8B4A-11D0-8D11-00A0C91BC942}") = "Factory Inner", "Factory Inner\Factory Inner.vcxproj", "{CF42452D-6AE5-46BA-8674-643E16AB0308}"
EndProject
Project("{8BC9CEB8-8B4A-11D0-8D11-00A0C91BC942}") = "Factory Class - Abstract", "Factory Class - Abstract\Factory Class - Abstract.vcxproj", "{DF02BF93-34FF-40EC-91A1-149E613E4C1C}"
EndProject
Project("{8BC9CEB8-8B4A-11D0-8D11-00A0C91BC942}") = "Functional Factory", "Functional Factory\Functional Factory.vcxproj", "{4EB7B0B3-83C8-4194-AB85-06F16420B468}"
EndProject
Project("{8BC9CEB8-8B4A-11D0-8D11-00A0C91BC942}") = "Prototype", "Prototype\Prototype.vcxproj", "{2C8F6AC6-2113-49B0-9F11-7EC873C50D82}"
EndProject
Project("{8BC9CEB8-8B4A-11D0-8D11-00A0C91BC942}") = "Prototype Factories", "Prototype Factories\Prototype Factories.vcxproj", "{6103F3E6-1E64-4864-B3FF-1127DE8E1673}"
EndProject
Project("{8BC9CEB8-8B4A-11D0-8D11-00A0C91BC942}") = "Prototype Via Serialization", "Prototype Via Serialization\Prototype Via Serialization.vcxproj", "{5EA82E31-BE9B-4517-80F8-568867964A7E}"
EndProject
Project("{8BC9CEB8-8B4A-11D0-8D11-00A0C91BC942}") = "Singleton", "Singleton\Singleton.vcxproj", "{43727602-4D4D-4675-B4C4-5C746DFABF10}"
EndProject
Project("{8BC9CEB8-8B4A-11D0-8D11-00A0C91BC942}") = "Singleton Lifetime in a DI Container", "Singleton Lifetime in a DI Container\Singleton Lifetime in a DI Container.vcxproj", "{BBA556F9-3EBA-481F-BC40-4FF16433C724}"
EndProject
Project("{8BC9CEB8-8B4A-11D0-8D11-00A0C91BC942}") = "Singleton - Monostate", "Singleton - Monostate\Singleton - Monostate.vcxproj", "{8A3F074D-93BA-4703-9AA1-C5679C259681}"
EndProject
Project("{8BC9CEB8-8B4A-11D0-8D11-00A0C91BC942}") = "Singleton - Multiton", "Singleton - Multiton\Singleton - Multiton.vcxproj", "{3683A160-CD40-4059-9C23-68EB506B07C1}"
EndProject
Project("{8BC9CEB8-8B4A-11D0-8D11-00A0C91BC942}") = "Bridge - Pimpl Idiom", "Bridge - Pimpl Idiom\Bridge - Pimpl Idiom.vcxproj", "{8C668261-B19D-4A1A-9C75-B01DAE489828}"
EndProject
Project("{8BC9CEB8-8B4A-11D0-8D11-00A0C91BC942}") = "Bridge - Shrink Wrapped Pimpl", "Bridge - Shrink Wrapped Pimpl\Bridge - Shrink Wrapped Pimpl.vcxproj", "{EAE5A246-EFEF-4296-9CE6-C95A40258382}"
EndProject
Project("{8BC9CEB8-8B4A-11D0-8D11-00A0C91BC942}") = "Bridge - Implementation", "Bridge - Implementation\Bridge - Implementation.vcxproj", "{F11A0EA3-1AEE-42C7-8F5A-7EBAE2693462}"
EndProject
Project("{8BC9CEB8-8B4A-11D0-8D11-00A0C91BC942}") = "Composite", "Composite\Composite.vcxproj", "{FB8C26C9-76B0-41A3-80D0-BD6F7FC26481}"
EndProject
Project("{8BC9CEB8-8B4A-11D0-8D11-00A0C91BC942}") = "Composite - Neural Networks", "Composite - Neural Networks\Composite - Neural Networks.vcxproj", "{DB2B4939-632E-4CFD-A316-C65200CB331F}"
EndProject
Project("{8BC9CEB8-8B4A-11D0-8D11-00A0C91BC942}") = "Composite - Array-Backed Properties", "Composite - Array-Backed Properties\Composite - Array-Backed Properties.vcxproj", "{CC423662-7320-4BA4-8906-1606C1122A24}"
EndProject
Project("{8BC9CEB8-8B4A-11D0-8D11-00A0C91BC942}") = "Decorator", "Decorator\Decorator.vcxproj", "{7622A845-88EB-4306-B80F-B0215DD531EF}"
EndProject
Global
	GlobalSection(SolutionConfigurationPlatforms) = preSolution
		Debug|x64 = Debug|x64
		Debug|x86 = Debug|x86
		Release|x64 = Release|x64
		Release|x86 = Release|x86
	EndGlobalSection
	GlobalSection(ProjectConfigurationPlatforms) = postSolution
		{1C6707D9-9C7A-47A4-9D9F-FCB32926F7D4}.Debug|x64.ActiveCfg = Debug|x64
		{1C6707D9-9C7A-47A4-9D9F-FCB32926F7D4}.Debug|x64.Build.0 = Debug|x64
		{1C6707D9-9C7A-47A4-9D9F-FCB32926F7D4}.Debug|x86.ActiveCfg = Debug|Win32
		{1C6707D9-9C7A-47A4-9D9F-FCB32926F7D4}.Debug|x86.Build.0 = Debug|Win32
		{1C6707D9-9C7A-47A4-9D9F-FCB32926F7D4}.Release|x64.ActiveCfg = Release|x64
		{1C6707D9-9C7A-47A4-9D9F-FCB32926F7D4}.Release|x64.Build.0 = Release|x64
		{1C6707D9-9C7A-47A4-9D9F-FCB32926F7D4}.Release|x86.ActiveCfg = Release|Win32
		{1C6707D9-9C7A-47A4-9D9F-FCB32926F7D4}.Release|x86.Build.0 = Release|Win32
		{FA13E176-672E-44BF-8D75-2F12E6B31A7B}.Debug|x64.ActiveCfg = Debug|x64
		{FA13E176-672E-44BF-8D75-2F12E6B31A7B}.Debug|x64.Build.0 = Debug|x64
		{FA13E176-672E-44BF-8D75-2F12E6B31A7B}.Debug|x86.ActiveCfg = Debug|Win32
		{FA13E176-672E-44BF-8D75-2F12E6B31A7B}.Debug|x86.Build.0 = Debug|Win32
		{FA13E176-672E-44BF-8D75-2F12E6B31A7B}.Release|x64.ActiveCfg = Release|x64
		{FA13E176-672E-44BF-8D75-2F12E6B31A7B}.Release|x64.Build.0 = Release|x64
		{FA13E176-672E-44BF-8D75-2F12E6B31A7B}.Release|x86.ActiveCfg = Release|Win32
		{FA13E176-672E-44BF-8D75-2F12E6B31A7B}.Release|x86.Build.0 = Release|Win32
		{AFCECF95-0F85-419F-9A3F-FCA0D03A8278}.Debug|x64.ActiveCfg = Debug|x64
		{AFCECF95-0F85-419F-9A3F-FCA0D03A8278}.Debug|x64.Build.0 = Debug|x64
		{AFCECF95-0F85-419F-9A3F-FCA0D03A8278}.Debug|x86.ActiveCfg = Debug|Win32
		{AFCECF95-0F85-419F-9A3F-FCA0D03A8278}.Debug|x86.Build.0 = Debug|Win32
		{AFCECF95-0F85-419F-9A3F-FCA0D03A8278}.Release|x64.ActiveCfg = Release|x64
		{AFCECF95-0F85-419F-9A3F-FCA0D03A8278}.Release|x64.Build.0 = Release|x64
		{AFCECF95-0F85-419F-9A3F-FCA0D03A8278}.Release|x86.ActiveCfg = Release|Win32
		{AFCECF95-0F85-419F-9A3F-FCA0D03A8278}.Release|x86.Build.0 = Release|Win32
		{86CF4A22-7C97-4A94-A297-C0EC443410A4}.Debug|x64.ActiveCfg = Debug|x64
		{86CF4A22-7C97-4A94-A297-C0EC443410A4}.Debug|x64.Build.0 = Debug|x64
		{86CF4A22-7C97-4A94-A297-C0EC443410A4}.Debug|x86.ActiveCfg = Debug|Win32
		{86CF4A22-7C97-4A94-A297-C0EC443410A4}.Debug|x86.Build.0 = Debug|Win32
		{86CF4A22-7C97-4A94-A297-C0EC443410A4}.Release|x64.ActiveCfg = Release|x64
		{86CF4A22-7C97-4A94-A297-C0EC443410A4}.Release|x64.Build.0 = Release|x64
		{86CF4A22-7C97-4A94-A297-C0EC443410A4}.Release|x86.ActiveCfg = Release|Win32
		{86CF4A22-7C97-4A94-A297-C0EC443410A4}.Release|x86.Build.0 = Release|Win32
		{6299F9DC-E33F-4036-BC98-EC26081B1D90}.Debug|x64.ActiveCfg = Debug|x64
		{6299F9DC-E33F-4036-BC98-EC26081B1D90}.Debug|x64.Build.0 = Debug|x64
		{6299F9DC-E33F-4036-BC98-EC26081B1D90}.Debug|x86.ActiveCfg = Debug|Win32
		{6299F9DC-E33F-4036-BC98-EC26081B1D90}.Debug|x86.Build.0 = Debug|Win32
		{6299F9DC-E33F-4036-BC98-EC26081B1D90}.Release|x64.ActiveCfg = Release|x64
		{6299F9DC-E33F-4036-BC98-EC26081B1D90}.Release|x64.Build.0 = Release|x64
		{6299F9DC-E33F-4036-BC98-EC26081B1D90}.Release|x86.ActiveCfg = Release|Win32
		{6299F9DC-E33F-4036-BC98-EC26081B1D90}.Release|x86.Build.0 = Release|Win32
		{7D3CB75F-746F-4763-BCA2-648894FBB8FA}.Debug|x64.ActiveCfg = Debug|x64
		{7D3CB75F-746F-4763-BCA2-648894FBB8FA}.Debug|x64.Build.0 = Debug|x64
		{7D3CB75F-746F-4763-BCA2-648894FBB8FA}.Debug|x86.ActiveCfg = Debug|Win32
		{7D3CB75F-746F-4763-BCA2-648894FBB8FA}.Debug|x86.Build.0 = Debug|Win32
		{7D3CB75F-746F-4763-BCA2-648894FBB8FA}.Release|x64.ActiveCfg = Release|x64
		{7D3CB75F-746F-4763-BCA2-648894FBB8FA}.Release|x64.Build.0 = Release|x64
		{7D3CB75F-746F-4763-BCA2-648894FBB8FA}.Release|x86.ActiveCfg = Release|Win32
		{7D3CB75F-746F-4763-BCA2-648894FBB8FA}.Release|x86.Build.0 = Release|Win32
		{286BBA36-A803-4334-9317-8907D0CFB40B}.Debug|x64.ActiveCfg = Debug|x64
		{286BBA36-A803-4334-9317-8907D0CFB40B}.Debug|x64.Build.0 = Debug|x64
		{286BBA36-A803-4334-9317-8907D0CFB40B}.Debug|x86.ActiveCfg = Debug|Win32
		{286BBA36-A803-4334-9317-8907D0CFB40B}.Debug|x86.Build.0 = Debug|Win32
		{286BBA36-A803-4334-9317-8907D0CFB40B}.Release|x64.ActiveCfg = Release|x64
		{286BBA36-A803-4334-9317-8907D0CFB40B}.Release|x64.Build.0 = Release|x64
		{286BBA36-A803-4334-9317-8907D0CFB40B}.Release|x86.ActiveCfg = Release|Win32
		{286BBA36-A803-4334-9317-8907D0CFB40B}.Release|x86.Build.0 = Release|Win32
		{BB05E014-D651-46B7-9561-A3A9A22A4654}.Debug|x64.ActiveCfg = Debug|x64
		{BB05E014-D651-46B7-9561-A3A9A22A4654}.Debug|x64.Build.0 = Debug|x64
		{BB05E014-D651-46B7-9561-A3A9A22A4654}.Debug|x86.ActiveCfg = Debug|Win32
		{BB05E014-D651-46B7-9561-A3A9A22A4654}.Debug|x86.Build.0 = Debug|Win32
		{BB05E014-D651-46B7-9561-A3A9A22A4654}.Release|x64.ActiveCfg = Release|x64
		{BB05E014-D651-46B7-9561-A3A9A22A4654}.Release|x64.Build.0 = Release|x64
		{BB05E014-D651-46B7-9561-A3A9A22A4654}.Release|x86.ActiveCfg = Release|Win32
		{BB05E014-D651-46B7-9561-A3A9A22A4654}.Release|x86.Build.0 = Release|Win32
		{CCAC411C-346F-43F9-8638-833DC6CECAEF}.Debug|x64.ActiveCfg = Debug|x64
		{CCAC411C-346F-43F9-8638-833DC6CECAEF}.Debug|x64.Build.0 = Debug|x64
		{CCAC411C-346F-43F9-8638-833DC6CECAEF}.Debug|x86.ActiveCfg = Debug|Win32
		{CCAC411C-346F-43F9-8638-833DC6CECAEF}.Debug|x86.Build.0 = Debug|Win32
		{CCAC411C-346F-43F9-8638-833DC6CECAEF}.Release|x64.ActiveCfg = Release|x64
		{CCAC411C-346F-43F9-8638-833DC6CECAEF}.Release|x64.Build.0 = Release|x64
		{CCAC411C-346F-43F9-8638-833DC6CECAEF}.Release|x86.ActiveCfg = Release|Win32
		{CCAC411C-346F-43F9-8638-833DC6CECAEF}.Release|x86.Build.0 = Release|Win32
		{64DF6AD1-3BEB-46BC-B94A-0EE4DB50A8E1}.Debug|x64.ActiveCfg = Debug|x64
		{64DF6AD1-3BEB-46BC-B94A-0EE4DB50A8E1}.Debug|x64.Build.0 = Debug|x64
		{64DF6AD1-3BEB-46BC-B94A-0EE4DB50A8E1}.Debug|x86.ActiveCfg = Debug|Win32
		{64DF6AD1-3BEB-46BC-B94A-0EE4DB50A8E1}.Debug|x86.Build.0 = Debug|Win32
		{64DF6AD1-3BEB-46BC-B94A-0EE4DB50A8E1}.Release|x64.ActiveCfg = Release|x64
		{64DF6AD1-3BEB-46BC-B94A-0EE4DB50A8E1}.Release|x64.Build.0 = Release|x64
		{64DF6AD1-3BEB-46BC-B94A-0EE4DB50A8E1}.Release|x86.ActiveCfg = Release|Win32
		{64DF6AD1-3BEB-46BC-B94A-0EE4DB50A8E1}.Release|x86.Build.0 = Release|Win32
		{3772C0B5-38AD-408F-AE25-6DC0520324B2}.Debug|x64.ActiveCfg = Debug|x64
		{3772C0B5-38AD-408F-AE25-6DC0520324B2}.Debug|x64.Build.0 = Debug|x64
		{3772C0B5-38AD-408F-AE25-6DC0520324B2}.Debug|x86.ActiveCfg = Debug|Win32
		{3772C0B5-38AD-408F-AE25-6DC0520324B2}.Debug|x86.Build.0 = Debug|Win32
		{3772C0B5-38AD-408F-AE25-6DC0520324B2}.Release|x64.ActiveCfg = Release|x64
		{3772C0B5-38AD-408F-AE25-6DC0520324B2}.Release|x64.Build.0 = Release|x64
		{3772C0B5-38AD-408F-AE25-6DC0520324B2}.Release|x86.ActiveCfg = Release|Win32
		{3772C0B5-38AD-408F-AE25-6DC0520324B2}.Release|x86.Build.0 = Release|Win32
		{CF42452D-6AE5-46BA-8674-643E16AB0308}.Debug|x64.ActiveCfg = Debug|x64
		{CF42452D-6AE5-46BA-8674-643E16AB0308}.Debug|x64.Build.0 = Debug|x64
		{CF42452D-6AE5-46BA-8674-643E16AB0308}.Debug|x86.ActiveCfg = Debug|Win32
		{CF42452D-6AE5-46BA-8674-643E16AB0308}.Debug|x86.Build.0 = Debug|Win32
		{CF42452D-6AE5-46BA-8674-643E16AB0308}.Release|x64.ActiveCfg = Release|x64
		{CF42452D-6AE5-46BA-8674-643E16AB0308}.Release|x64.Build.0 = Release|x64
		{CF42452D-6AE5-46BA-8674-643E16AB0308}.Release|x86.ActiveCfg = Release|Win32
		{CF42452D-6AE5-46BA-8674-643E16AB0308}.Release|x86.Build.0 = Release|Win32
		{DF02BF93-34FF-40EC-91A1-149E613E4C1C}.Debug|x64.ActiveCfg = Debug|x64
		{DF02BF93-34FF-40EC-91A1-149E613E4C1C}.Debug|x64.Build.0 = Debug|x64
		{DF02BF93-34FF-40EC-91A1-149E613E4C1C}.Debug|x86.ActiveCfg = Debug|Win32
		{DF02BF93-34FF-40EC-91A1-149E613E4C1C}.Debug|x86.Build.0 = Debug|Win32
		{DF02BF93-34FF-40EC-91A1-149E613E4C1C}.Release|x64.ActiveCfg = Release|x64
		{DF02BF93-34FF-40EC-91A1-149E613E4C1C}.Release|x64.Build.0 = Release|x64
		{DF02BF93-34FF-40EC-91A1-149E613E4C1C}.Release|x86.ActiveCfg = Release|Win32
		{DF02BF93-34FF-40EC-91A1-149E613E4C1C}.Release|x86.Build.0 = Release|Win32
		{4EB7B0B3-83C8-4194-AB85-06F16420B468}.Debug|x64.ActiveCfg = Debug|x64
		{4EB7B0B3-83C8-4194-AB85-06F16420B468}.Debug|x64.Build.0 = Debug|x64
		{4EB7B0B3-83C8-4194-AB85-06F16420B468}.Debug|x86.ActiveCfg = Debug|Win32
		{4EB7B0B3-83C8-4194-AB85-06F16420B468}.Debug|x86.Build.0 = Debug|Win32
		{4EB7B0B3-83C8-4194-AB85-06F16420B468}.Release|x64.ActiveCfg = Release|x64
		{4EB7B0B3-83C8-4194-AB85-06F16420B468}.Release|x64.Build.0 = Release|x64
		{4EB7B0B3-83C8-4194-AB85-06F16420B468}.Release|x86.ActiveCfg = Release|Win32
		{4EB7B0B3-83C8-4194-AB85-06F16420B468}.Release|x86.Build.0 = Release|Win32
		{2C8F6AC6-2113-49B0-9F11-7EC873C50D82}.Debug|x64.ActiveCfg = Debug|x64
		{2C8F6AC6-2113-49B0-9F11-7EC873C50D82}.Debug|x64.Build.0 = Debug|x64
		{2C8F6AC6-2113-49B0-9F11-7EC873C50D82}.Debug|x86.ActiveCfg = Debug|Win32
		{2C8F6AC6-2113-49B0-9F11-7EC873C50D82}.Debug|x86.Build.0 = Debug|Win32
		{2C8F6AC6-2113-49B0-9F11-7EC873C50D82}.Release|x64.ActiveCfg = Release|x64
		{2C8F6AC6-2113-49B0-9F11-7EC873C50D82}.Release|x64.Build.0 = Release|x64
		{2C8F6AC6-2113-49B0-9F11-7EC873C50D82}.Release|x86.ActiveCfg = Release|Win32
		{2C8F6AC6-2113-49B0-9F11-7EC873C50D82}.Release|x86.Build.0 = Release|Win32
		{6103F3E6-1E64-4864-B3FF-1127DE8E1673}.Debug|x64.ActiveCfg = Debug|x64
		{6103F3E6-1E64-4864-B3FF-1127DE8E1673}.Debug|x64.Build.0 = Debug|x64
		{6103F3E6-1E64-4864-B3FF-1127DE8E1673}.Debug|x86.ActiveCfg = Debug|Win32
		{6103F3E6-1E64-4864-B3FF-1127DE8E1673}.Debug|x86.Build.0 = Debug|Win32
		{6103F3E6-1E64-4864-B3FF-1127DE8E1673}.Release|x64.ActiveCfg = Release|x64
		{6103F3E6-1E64-4864-B3FF-1127DE8E1673}.Release|x64.Build.0 = Release|x64
		{6103F3E6-1E64-4864-B3FF-1127DE8E1673}.Release|x86.ActiveCfg = Release|Win32
		{6103F3E6-1E64-4864-B3FF-1127DE8E1673}.Release|x86.Build.0 = Release|Win32
		{5EA82E31-BE9B-4517-80F8-568867964A7E}.Debug|x64.ActiveCfg = Debug|x64
		{5EA82E31-BE9B-4517-80F8-568867964A7E}.Debug|x64.Build.0 = Debug|x64
		{5EA82E31-BE9B-4517-80F8-568867964A7E}.Debug|x86.ActiveCfg = Debug|Win32
		{5EA82E31-BE9B-4517-80F8-568867964A7E}.Debug|x86.Build.0 = Debug|Win32
		{5EA82E31-BE9B-4517-80F8-568867964A7E}.Release|x64.ActiveCfg = Release|x64
		{5EA82E31-BE9B-4517-80F8-568867964A7E}.Release|x64.Build.0 = Release|x64
		{5EA82E31-BE9B-4517-80F8-568867964A7E}.Release|x86.ActiveCfg = Release|Win32
		{5EA82E31-BE9B-4517-80F8-568867964A7E}.Release|x86.Build.0 = Release|Win32
		{43727602-4D4D-4675-B4C4-5C746DFABF10}.Debug|x64.ActiveCfg = Debug|x64
		{43727602-4D4D-4675-B4C4-5C746DFABF10}.Debug|x64.Build.0 = Debug|x64
		{43727602-4D4D-4675-B4C4-5C746DFABF10}.Debug|x86.ActiveCfg = Debug|Win32
		{43727602-4D4D-4675-B4C4-5C746DFABF10}.Debug|x86.Build.0 = Debug|Win32
		{43727602-4D4D-4675-B4C4-5C746DFABF10}.Release|x64.ActiveCfg = Release|x64
		{43727602-4D4D-4675-B4C4-5C746DFABF10}.Release|x64.Build.0 = Release|x64
		{43727602-4D4D-4675-B4C4-5C746DFABF10}.Release|x86.ActiveCfg = Release|Win32
		{43727602-4D4D-4675-B4C4-5C746DFABF10}.Release|x86.Build.0 = Release|Win32
		{BBA556F9-3EBA-481F-BC40-4FF16433C724}.Debug|x64.ActiveCfg = Debug|x64
		{BBA556F9-3EBA-481F-BC40-4FF16433C724}.Debug|x64.Build.0 = Debug|x64
		{BBA556F9-3EBA-481F-BC40-4FF16433C724}.Debug|x86.ActiveCfg = Debug|Win32
		{BBA556F9-3EBA-481F-BC40-4FF16433C724}.Debug|x86.Build.0 = Debug|Win32
		{BBA556F9-3EBA-481F-BC40-4FF16433C724}.Release|x64.ActiveCfg = Release|x64
		{BBA556F9-3EBA-481F-BC40-4FF16433C724}.Release|x64.Build.0 = Release|x64
		{BBA556F9-3EBA-481F-BC40-4FF16433C724}.Release|x86.ActiveCfg = Release|Win32
		{BBA556F9-3EBA-481F-BC40-4FF16433C724}.Release|x86.Build.0 = Release|Win32
		{8A3F074D-93BA-4703-9AA1-C5679C259681}.Debug|x64.ActiveCfg = Debug|x64
		{8A3F074D-93BA-4703-9AA1-C5679C259681}.Debug|x64.Build.0 = Debug|x64
		{8A3F074D-93BA-4703-9AA1-C5679C259681}.Debug|x86.ActiveCfg = Debug|Win32
		{8A3F074D-93BA-4703-9AA1-C5679C259681}.Debug|x86.Build.0 = Debug|Win32
		{8A3F074D-93BA-4703-9AA1-C5679C259681}.Release|x64.ActiveCfg = Release|x64
		{8A3F074D-93BA-4703-9AA1-C5679C259681}.Release|x64.Build.0 = Release|x64
		{8A3F074D-93BA-4703-9AA1-C5679C259681}.Release|x86.ActiveCfg = Release|Win32
		{8A3F074D-93BA-4703-9AA1-C5679C259681}.Release|x86.Build.0 = Release|Win32
		{3683A160-CD40-4059-9C23-68EB506B07C1}.Debug|x64.ActiveCfg = Debug|x64
		{3683A160-CD40-4059-9C23-68EB506B07C1}.Debug|x64.Build.0 = Debug|x64
		{3683A160-CD40-4059-9C23-68EB506B07C1}.Debug|x86.ActiveCfg = Debug|Win32
		{3683A160-CD40-4059-9C23-68EB506B07C1}.Debug|x86.Build.0 = Debug|Win32
		{3683A160-CD40-4059-9C23-68EB506B07C1}.Release|x64.ActiveCfg = Release|x64
		{3683A160-CD40-4059-9C23-68EB506B07C1}.Release|x64.Build.0 = Release|x64
		{3683A160-CD40-4059-9C23-68EB506B07C1}.Release|x86.ActiveCfg = Release|Win32
		{3683A160-CD40-4059-9C23-68EB506B07C1}.Release|x86.Build.0 = Release|Win32
		{8C668261-B19D-4A1A-9C75-B01DAE489828}.Debug|x64.ActiveCfg = Debug|x64
		{8C668261-B19D-4A1A-9C75-B01DAE489828}.Debug|x64.Build.0 = Debug|x64
		{8C668261-B19D-4A1A-9C75-B01DAE489828}.Debug|x86.ActiveCfg = Debug|Win32
		{8C668261-B19D-4A1A-9C75-B01DAE489828}.Debug|x86.Build.0 = Debug|Win32
		{8C668261-B19D-4A1A-9C75-B01DAE489828}.Release|x64.ActiveCfg = Release|x64
		{8C668261-B19D-4A1A-9C75-B01DAE489828}.Release|x64.Build.0 = Release|x64
		{8C668261-B19D-4A1A-9C75-B01DAE489828}.Release|x86.ActiveCfg = Release|Win32
		{8C668261-B19D-4A1A-9C75-B01DAE489828}.Release|x86.Build.0 = Release|Win32
		{EAE5A246-EFEF-4296-9CE6-C95A40258382}.Debug|x64.ActiveCfg = Debug|x64
		{EAE5A246-EFEF-4296-9CE6-C95A40258382}.Debug|x64.Build.0 = Debug|x64
		{EAE5A246-EFEF-4296-9CE6-C95A40258382}.Debug|x86.ActiveCfg = Debug|Win32
		{EAE5A246-EFEF-4296-9CE6-C95A40258382}.Debug|x86.Build.0 = Debug|Win32
		{EAE5A246-EFEF-4296-9CE6-C95A40258382}.Release|x64.ActiveCfg = Release|x64
		{EAE5A246-EFEF-4296-9CE6-C95A40258382}.Release|x64.Build.0 = Release|x64
		{EAE5A246-EFEF-4296-9CE6-C95A40258382}.Release|x86.ActiveCfg = Release|Win32
		{EAE5A246-EFEF-4296-9CE6-C95A40258382}.Release|x86.Build.0 = Release|Win32
		{F11A0EA3-1AEE-42C7-8F5A-7EBAE2693462}.Debug|x64.ActiveCfg = Debug|x64
		{F11A0EA3-1AEE-42C7-8F5A-7EBAE2693462}.Debug|x64.Build.0 = Debug|x64
		{F11A0EA3-1AEE-42C7-8F5A-7EBAE2693462}.Debug|x86.ActiveCfg = Debug|Win32
		{F11A0EA3-1AEE-42C7-8F5A-7EBAE2693462}.Debug|x86.Build.0 = Debug|Win32
		{F11A0EA3-1AEE-42C7-8F5A-7EBAE2693462}.Release|x64.ActiveCfg = Release|x64
		{F11A0EA3-1AEE-42C7-8F5A-7EBAE2693462}.Release|x64.Build.0 = Release|x64
		{F11A0EA3-1AEE-42C7-8F5A-7EBAE2693462}.Release|x86.ActiveCfg = Release|Win32
		{F11A0EA3-1AEE-42C7-8F5A-7EBAE2693462}.Release|x86.Build.0 = Release|Win32
		{FB8C26C9-76B0-41A3-80D0-BD6F7FC26481}.Debug|x64.ActiveCfg = Debug|x64
		{FB8C26C9-76B0-41A3-80D0-BD6F7FC26481}.Debug|x64.Build.0 = Debug|x64
		{FB8C26C9-76B0-41A3-80D0-BD6F7FC26481}.Debug|x86.ActiveCfg = Debug|Win32
		{FB8C26C9-76B0-41A3-80D0-BD6F7FC26481}.Debug|x86.Build.0 = Debug|Win32
		{FB8C26C9-76B0-41A3-80D0-BD6F7FC26481}.Release|x64.ActiveCfg = Release|x64
		{FB8C26C9-76B0-41A3-80D0-BD6F7FC26481}.Release|x64.Build.0 = Release|x64
		{FB8C26C9-76B0-41A3-80D0-BD6F7FC26481}.Release|x86.ActiveCfg = Release|Win32
		{FB8C26C9-76B0-41A3-80D0-BD6F7FC26481}.Release|x86.Build.0 = Release|Win32
		{DB2B4939-632E-4CFD-A316-C65200CB331F}.Debug|x64.ActiveCfg = Debug|x64
		{DB2B4939-632E-4CFD-A316-C65200CB331F}.Debug|x64.Build.0 = Debug|x64
		{DB2B4939-632E-4CFD-A316-C65200CB331F}.Debug|x86.ActiveCfg = Debug|Win32
		{DB2B4939-632E-4CFD-A316-C65200CB331F}.Debug|x86.Build.0 = Debug|Win32
		{DB2B4939-632E-4CFD-A316-C65200CB331F}.Release|x64.ActiveCfg = Release|x64
		{DB2B4939-632E-4CFD-A316-C65200CB331F}.Release|x64.Build.0 = Release|x64
		{DB2B4939-632E-4CFD-A316-C65200CB331F}.Release|x86.ActiveCfg = Release|Win32
		{DB2B4939-632E-4CFD-A316-C65200CB331F}.Release|x86.Build.0 = Release|Win32
		{CC423662-7320-4BA4-8906-1606C1122A24}.Debug|x64.ActiveCfg = Debug|x64
		{CC423662-7320-4BA4-8906-1606C1122A24}.Debug|x64.Build.0 = Debug|x64
		{CC423662-7320-4BA4-8906-1606C1122A24}.Debug|x86.ActiveCfg = Debug|Win32
		{CC423662-7320-4BA4-8906-1606C1122A24}.Debug|x86.Build.0 = Debug|Win32
		{CC423662-7320-4BA4-8906-1606C1122A24}.Release|x64.ActiveCfg = Release|x64
		{CC423662-7320-4BA4-8906-1606C1122A24}.Release|x64.Build.0 = Release|x64
		{CC423662-7320-4BA4-8906-1606C1122A24}.Release|x86.ActiveCfg = Release|Win32
		{CC423662-7320-4BA4-8906-1606C1122A24}.Release|x86.Build.0 = Release|Win32
		{7622A845-88EB-4306-B80F-B0215DD531EF}.Debug|x64.ActiveCfg = Debug|x64
		{7622A845-88EB-4306-B80F-B0215DD531EF}.Debug|x64.Build.0 = Debug|x64
		{7622A845-88EB-4306-B80F-B0215DD531EF}.Debug|x86.ActiveCfg = Debug|Win32
		{7622A845-88EB-4306-B80F-B0215DD531EF}.Debug|x86.Build.0 = Debug|Win32
		{7622A845-88EB-4306-B80F-B0215DD531EF}.Release|x64.ActiveCfg = Release|x64
		{7622A845-88EB-4306-B80F-B0215DD531EF}.Release|x64.Build.0 = Release|x64
		{7622A845-88EB-4306-B80F-B0215DD531EF}.Release|x86.ActiveCfg = Release|Win32
		{7622A845-88EB-4306-B80F-B0215DD531EF}.Release|x86.Build.0 = Release|Win32
	EndGlobalSection
	GlobalSection(SolutionProperties) = preSolution
		HideSolutionNode = FALSE
	EndGlobalSection
	GlobalSection(ExtensibilityGlobals) = postSolution
		SolutionGuid = {DA11C8C2-9687-43A6-A067-1675AC9B2927}
	EndGlobalSection
EndGlobal
