
Microsoft Visual Studio Solution File, Format Version 12.00
# Visual Studio Version 16
VisualStudioVersion = 16.0.32228.343
MinimumVisualStudioVersion = 10.0.40219.1
Project("{8BC9CEB8-8B4A-11D0-8D11-00A0C91BC942}") = "Single Responsibility - Journal", "Design Patterns\Design Patterns.vcxproj", "{1C6707D9-9C7A-47A4-9D9F-FCB32926F7D4}"
EndProject
Project("{8BC9CEB8-8B4A-11D0-8D11-00A0C91BC942}") = "Open-Close Responsibility", "Open-Close Responsibility\Open-Close Responsibility.vcxproj", "{FA13E176-672E-44BF-8D75-2F12E6B31A7B}"
EndProject
Global
	GlobalSection(SolutionConfigurationPlatforms) = preSolution
		Debug|x64 = Debug|x64
		Debug|x86 = Debug|x86
		Release|x64 = Release|x64
		Release|x86 = Release|x86
	EndGlobalSection
	GlobalSection(ProjectConfigurationPlatforms) = postSolution
		{1C6707D9-9C7A-47A4-9D9F-FCB32926F7D4}.Debug|x64.ActiveCfg = Debug|x64
		{1C6707D9-9C7A-47A4-9D9F-FCB32926F7D4}.Debug|x64.Build.0 = Debug|x64
		{1C6707D9-9C7A-47A4-9D9F-FCB32926F7D4}.Debug|x86.ActiveCfg = Debug|Win32
		{1C6707D9-9C7A-47A4-9D9F-FCB32926F7D4}.Debug|x86.Build.0 = Debug|Win32
		{1C6707D9-9C7A-47A4-9D9F-FCB32926F7D4}.Release|x64.ActiveCfg = Release|x64
		{1C6707D9-9C7A-47A4-9D9F-FCB32926F7D4}.Release|x64.Build.0 = Release|x64
		{1C6707D9-9C7A-47A4-9D9F-FCB32926F7D4}.Release|x86.ActiveCfg = Release|Win32
		{1C6707D9-9C7A-47A4-9D9F-FCB32926F7D4}.Release|x86.Build.0 = Release|Win32
		{FA13E176-672E-44BF-8D75-2F12E6B31A7B}.Debug|x64.ActiveCfg = Debug|x64
		{FA13E176-672E-44BF-8D75-2F12E6B31A7B}.Debug|x64.Build.0 = Debug|x64
		{FA13E176-672E-44BF-8D75-2F12E6B31A7B}.Debug|x86.ActiveCfg = Debug|Win32
		{FA13E176-672E-44BF-8D75-2F12E6B31A7B}.Debug|x86.Build.0 = Debug|Win32
		{FA13E176-672E-44BF-8D75-2F12E6B31A7B}.Release|x64.ActiveCfg = Release|x64
		{FA13E176-672E-44BF-8D75-2F12E6B31A7B}.Release|x64.Build.0 = Release|x64
		{FA13E176-672E-44BF-8D75-2F12E6B31A7B}.Release|x86.ActiveCfg = Release|Win32
		{FA13E176-672E-44BF-8D75-2F12E6B31A7B}.Release|x86.Build.0 = Release|Win32
	EndGlobalSection
	GlobalSection(SolutionProperties) = preSolution
		HideSolutionNode = FALSE
	EndGlobalSection
	GlobalSection(ExtensibilityGlobals) = postSolution
		SolutionGuid = {DA11C8C2-9687-43A6-A067-1675AC9B2927}
	EndGlobalSection
EndGlobal
